
Microsoft Visual Studio Solution File, Format Version 12.00
# Visual Studio Version 16
VisualStudioVersion = 16.0.31424.327
MinimumVisualStudioVersion = 10.0.40219.1
Project("{888888A0-9F3D-457C-B088-3A5042F75D52}") = "ImageAISandbox", "ImageAISandbox.pyproj", "{FEA42139-77D5-4B5C-8123-8AE39A04662F}"
EndProject
Global
	GlobalSection(SolutionConfigurationPlatforms) = preSolution
		Debug|Any CPU = Debug|Any CPU
		Release|Any CPU = Release|Any CPU
	EndGlobalSection
	GlobalSection(ProjectConfigurationPlatforms) = postSolution
		{FEA42139-77D5-4B5C-8123-8AE39A04662F}.Debug|Any CPU.ActiveCfg = Debug|Any CPU
		{FEA42139-77D5-4B5C-8123-8AE39A04662F}.Release|Any CPU.ActiveCfg = Release|Any CPU
	EndGlobalSection
	GlobalSection(SolutionProperties) = preSolution
		HideSolutionNode = FALSE
	EndGlobalSection
	GlobalSection(ExtensibilityGlobals) = postSolution
		SolutionGuid = {D5C779AB-A705-4B92-A6EB-181D28F89B3C}
	EndGlobalSection
EndGlobal
